
Microsoft Visual Studio Solution File, Format Version 12.00
# Visual Studio Version 16
VisualStudioVersion = 16.0.30804.86
MinimumVisualStudioVersion = 10.0.40219.1
Project("{FAE04EC0-301F-11D3-BF4B-00C04F79EFBC}") = "January Exam", "January Exam\January Exam.csproj", "{4D95CF2F-2FF2-4A2D-9851-FBC67FF64B93}"
EndProject
Global
	GlobalSection(SolutionConfigurationPlatforms) = preSolution
		Debug|Any CPU = Debug|Any CPU
		Release|Any CPU = Release|Any CPU
	EndGlobalSection
	GlobalSection(ProjectConfigurationPlatforms) = postSolution
		{4D95CF2F-2FF2-4A2D-9851-FBC67FF64B93}.Debug|Any CPU.ActiveCfg = Debug|Any CPU
		{4D95CF2F-2FF2-4A2D-9851-FBC67FF64B93}.Debug|Any CPU.Build.0 = Debug|Any CPU
		{4D95CF2F-2FF2-4A2D-9851-FBC67FF64B93}.Release|Any CPU.ActiveCfg = Release|Any CPU
		{4D95CF2F-2FF2-4A2D-9851-FBC67FF64B93}.Release|Any CPU.Build.0 = Release|Any CPU
	EndGlobalSection
	GlobalSection(SolutionProperties) = preSolution
		HideSolutionNode = FALSE
	EndGlobalSection
	GlobalSection(ExtensibilityGlobals) = postSolution
		SolutionGuid = {3AEF7AE2-DE17-431E-B3D5-88EB75CF53FD}
	EndGlobalSection
EndGlobal
